
Microsoft Visual Studio Solution File, Format Version 12.00
# Visual Studio Version 17
VisualStudioVersion = 17.0.31919.166
MinimumVisualStudioVersion = 10.0.40219.1
Project("{778DAE3C-4631-46EA-AA77-85C1314464D9}") = "Stock Watch", "Stock Watch.vbproj", "{A48819DA-882E-4FEB-AC07-4DC9CC9654DB}"
EndProject
Project("{2150E333-8FDC-42A3-9474-1A3956D46DE8}") = "Solution Items", "Solution Items", "{CE4CF115-C751-459B-ABFC-351C0CD6A188}"
	ProjectSection(SolutionItems) = preProject
		.editorconfig = .editorconfig
	EndProjectSection
EndProject
Global
	GlobalSection(SolutionConfigurationPlatforms) = preSolution
		Debug|Any CPU = Debug|Any CPU
		Release|Any CPU = Release|Any CPU
	EndGlobalSection
	GlobalSection(ProjectConfigurationPlatforms) = postSolution
		{A48819DA-882E-4FEB-AC07-4DC9CC9654DB}.Debug|Any CPU.ActiveCfg = Debug|Any CPU
		{A48819DA-882E-4FEB-AC07-4DC9CC9654DB}.Debug|Any CPU.Build.0 = Debug|Any CPU
		{A48819DA-882E-4FEB-AC07-4DC9CC9654DB}.Release|Any CPU.ActiveCfg = Release|Any CPU
		{A48819DA-882E-4FEB-AC07-4DC9CC9654DB}.Release|Any CPU.Build.0 = Release|Any CPU
	EndGlobalSection
	GlobalSection(SolutionProperties) = preSolution
		HideSolutionNode = FALSE
	EndGlobalSection
	GlobalSection(ExtensibilityGlobals) = postSolution
		SolutionGuid = {E1ACDC59-63E3-41FF-8498-4F81701A12D5}
	EndGlobalSection
EndGlobal
